
Microsoft Visual Studio Solution File, Format Version 12.00
# Visual Studio Version 17
VisualStudioVersion = 17.1.32421.90
MinimumVisualStudioVersion = 10.0.40219.1
Project("{00D1A9C2-B5F0-4AF3-8072-F6C62B433612}") = "VentasReal_Db", "VentasReal_Db\VentasReal_Db.sqlproj", "{A5D5EFF1-51D1-4C39-81C0-DD68B5977BD7}"
EndProject
Project("{FAE04EC0-301F-11D3-BF4B-00C04F79EFBC}") = "VentasReal_Ws", "VentasReal_Ws\VentasReal_Ws.csproj", "{2AC4C7C5-BB04-4175-AD12-CDC4E335CDB7}"
EndProject
Global
	GlobalSection(SolutionConfigurationPlatforms) = preSolution
		Debug|Any CPU = Debug|Any CPU
		Release|Any CPU = Release|Any CPU
	EndGlobalSection
	GlobalSection(ProjectConfigurationPlatforms) = postSolution
		{A5D5EFF1-51D1-4C39-81C0-DD68B5977BD7}.Debug|Any CPU.ActiveCfg = Debug|Any CPU
		{A5D5EFF1-51D1-4C39-81C0-DD68B5977BD7}.Debug|Any CPU.Build.0 = Debug|Any CPU
		{A5D5EFF1-51D1-4C39-81C0-DD68B5977BD7}.Debug|Any CPU.Deploy.0 = Debug|Any CPU
		{A5D5EFF1-51D1-4C39-81C0-DD68B5977BD7}.Release|Any CPU.ActiveCfg = Release|Any CPU
		{A5D5EFF1-51D1-4C39-81C0-DD68B5977BD7}.Release|Any CPU.Build.0 = Release|Any CPU
		{A5D5EFF1-51D1-4C39-81C0-DD68B5977BD7}.Release|Any CPU.Deploy.0 = Release|Any CPU
		{2AC4C7C5-BB04-4175-AD12-CDC4E335CDB7}.Debug|Any CPU.ActiveCfg = Debug|Any CPU
		{2AC4C7C5-BB04-4175-AD12-CDC4E335CDB7}.Debug|Any CPU.Build.0 = Debug|Any CPU
		{2AC4C7C5-BB04-4175-AD12-CDC4E335CDB7}.Release|Any CPU.ActiveCfg = Release|Any CPU
		{2AC4C7C5-BB04-4175-AD12-CDC4E335CDB7}.Release|Any CPU.Build.0 = Release|Any CPU
	EndGlobalSection
	GlobalSection(SolutionProperties) = preSolution
		HideSolutionNode = FALSE
	EndGlobalSection
	GlobalSection(ExtensibilityGlobals) = postSolution
		SolutionGuid = {0984C691-0193-4BC0-8B9E-E61841FA617E}
	EndGlobalSection
EndGlobal
